// !$*UTF8*$!
{
	archiveVersion = 1;
	classes = {
	};
	objectVersion = 50;
	objects = {

/* Begin PBXBuildFile section */
		5171847F224FE96B00468D5D /* Nunito-Regular.ttf in Resources */ = {isa = PBXBuildFile; fileRef = 5171847E224FE75F00468D5D /* Nunito-Regular.ttf */; };
		51718480224FE96D00468D5D /* Nunito-Bold.ttf in Resources */ = {isa = PBXBuildFile; fileRef = 5171847D224FE75F00468D5D /* Nunito-Bold.ttf */; };
		51718482224FEA2400468D5D /* Nunito-ExtraBold.ttf in Resources */ = {isa = PBXBuildFile; fileRef = 51718481224FEA2200468D5D /* Nunito-ExtraBold.ttf */; };
		51718484224FF47000468D5D /* PanicModeViewController.swift in Sources */ = {isa = PBXBuildFile; fileRef = 51718483224FF47000468D5D /* PanicModeViewController.swift */; };
		51718487224FFC4100468D5D /* MyMessageTableViewCell.swift in Sources */ = {isa = PBXBuildFile; fileRef = 51718486224FFC4100468D5D /* MyMessageTableViewCell.swift */; };
		51718489224FFC5C00468D5D /* MyMessageTableViewCell.xib in Resources */ = {isa = PBXBuildFile; fileRef = 51718488224FFC5B00468D5D /* MyMessageTableViewCell.xib */; };
		5171848C22500E9800468D5D /* ChatbotMessageTableViewCell.swift in Sources */ = {isa = PBXBuildFile; fileRef = 5171848A22500E9800468D5D /* ChatbotMessageTableViewCell.swift */; };
		5171848D22500E9800468D5D /* ChatbotMessageTableViewCell.xib in Resources */ = {isa = PBXBuildFile; fileRef = 5171848B22500E9800468D5D /* ChatbotMessageTableViewCell.xib */; };
		51718490225010C200468D5D /* Message.swift in Sources */ = {isa = PBXBuildFile; fileRef = 5171848F225010C200468D5D /* Message.swift */; };
		51718492225010EF00468D5D /* MessageSender.swift in Sources */ = {isa = PBXBuildFile; fileRef = 51718491225010EF00468D5D /* MessageSender.swift */; };
		517184952250242500468D5D /* UIStackView+Remove.swift in Sources */ = {isa = PBXBuildFile; fileRef = 517184942250242500468D5D /* UIStackView+Remove.swift */; };
		A6CA4712BF09D3745FD3CA1E /* Pods_Pilyumi.framework in Frameworks */ = {isa = PBXBuildFile; fileRef = 5A17CD2E27241CF94471835D /* Pods_Pilyumi.framework */; };
		ABE07108224E9DA800129199 /* AppDelegate.swift in Sources */ = {isa = PBXBuildFile; fileRef = ABE07107224E9DA800129199 /* AppDelegate.swift */; };
		ABE0710A224E9DA800129199 /* ViewController.swift in Sources */ = {isa = PBXBuildFile; fileRef = ABE07109224E9DA800129199 /* ViewController.swift */; };
		ABE0710D224E9DA800129199 /* Main.storyboard in Resources */ = {isa = PBXBuildFile; fileRef = ABE0710B224E9DA800129199 /* Main.storyboard */; };
		ABE0710F224E9DAA00129199 /* Assets.xcassets in Resources */ = {isa = PBXBuildFile; fileRef = ABE0710E224E9DAA00129199 /* Assets.xcassets */; };
		ABE07112224E9DAA00129199 /* LaunchScreen.storyboard in Resources */ = {isa = PBXBuildFile; fileRef = ABE07110224E9DAA00129199 /* LaunchScreen.storyboard */; };
		ABF489A1224F7040000D6378 /* GoogleService-Info.plist in Resources */ = {isa = PBXBuildFile; fileRef = ABF489A0224F7040000D6378 /* GoogleService-Info.plist */; };
		ABF489A4224FAC59000D6378 /* CheckinView.xib in Resources */ = {isa = PBXBuildFile; fileRef = ABF489A3224FAC59000D6378 /* CheckinView.xib */; };
		ABF489A6224FAF66000D6378 /* CheckinView.swift in Sources */ = {isa = PBXBuildFile; fileRef = ABF489A5224FAF66000D6378 /* CheckinView.swift */; };
		ABF489A8224FB9BA000D6378 /* MoodMeter.swift in Sources */ = {isa = PBXBuildFile; fileRef = ABF489A7224FB9BA000D6378 /* MoodMeter.swift */; };
		ABF489AA224FB9D9000D6378 /* MoodMeter.xib in Resources */ = {isa = PBXBuildFile; fileRef = ABF489A9224FB9D9000D6378 /* MoodMeter.xib */; };
		ABF489AC224FBF64000D6378 /* Streak.xib in Resources */ = {isa = PBXBuildFile; fileRef = ABF489AB224FBF64000D6378 /* Streak.xib */; };
		ABF489AE224FC0BF000D6378 /* Streak.swift in Sources */ = {isa = PBXBuildFile; fileRef = ABF489AD224FC0BF000D6378 /* Streak.swift */; };
		ABF489B0224FC21F000D6378 /* Funfacts.xib in Resources */ = {isa = PBXBuildFile; fileRef = ABF489AF224FC21F000D6378 /* Funfacts.xib */; };
		ABF489B2224FC300000D6378 /* Funfacts.swift in Sources */ = {isa = PBXBuildFile; fileRef = ABF489B1224FC300000D6378 /* Funfacts.swift */; };
		ABF489B5224FCED5000D6378 /* Nunito-SemiBold.ttf in Resources */ = {isa = PBXBuildFile; fileRef = ABF489B4224FCED5000D6378 /* Nunito-SemiBold.ttf */; };
		ABF489B7224FDED8000D6378 /* Extension.swift in Sources */ = {isa = PBXBuildFile; fileRef = ABF489B6224FDED8000D6378 /* Extension.swift */; };
		ABF489B9224FE613000D6378 /* Constants.swift in Sources */ = {isa = PBXBuildFile; fileRef = ABF489B8224FE613000D6378 /* Constants.swift */; };
		ABF489BB224FE75C000D6378 /* CardDetailViewController.swift in Sources */ = {isa = PBXBuildFile; fileRef = ABF489BA224FE75C000D6378 /* CardDetailViewController.swift */; };
		ABF489BD224FE880000D6378 /* StatusBarAnimatableViewController.swift in Sources */ = {isa = PBXBuildFile; fileRef = ABF489BC224FE87F000D6378 /* StatusBarAnimatableViewController.swift */; };
		ABF489BF224FE8FF000D6378 /* CardContentView.swift in Sources */ = {isa = PBXBuildFile; fileRef = ABF489BE224FE8FF000D6378 /* CardContentView.swift */; };
		ABF489C1224FE924000D6378 /* NibLoadable.swift in Sources */ = {isa = PBXBuildFile; fileRef = ABF489C0224FE924000D6378 /* NibLoadable.swift */; };
		ABF489C3224FEC57000D6378 /* CardTransition.swift in Sources */ = {isa = PBXBuildFile; fileRef = ABF489C2224FEC57000D6378 /* CardTransition.swift */; };
		ABF489C5224FED49000D6378 /* PresentCardAnimator.swift in Sources */ = {isa = PBXBuildFile; fileRef = ABF489C4224FED49000D6378 /* PresentCardAnimator.swift */; };
		ABF489C7224FEE60000D6378 /* DismissCardAnimator.swift in Sources */ = {isa = PBXBuildFile; fileRef = ABF489C6224FEE60000D6378 /* DismissCardAnimator.swift */; };
		ABF489C9224FEEB8000D6378 /* CardPresentationController.swift in Sources */ = {isa = PBXBuildFile; fileRef = ABF489C8224FEEB8000D6378 /* CardPresentationController.swift */; };
		ABF489CB224FF26A000D6378 /* CardContentView.xib in Resources */ = {isa = PBXBuildFile; fileRef = ABF489CA224FF26A000D6378 /* CardContentView.xib */; };
		ABF489CD224FF438000D6378 /* BaseView.swift in Sources */ = {isa = PBXBuildFile; fileRef = ABF489CC224FF438000D6378 /* BaseView.swift */; };
		ABF489D022500050000D6378 /* StreakDetail.xib in Resources */ = {isa = PBXBuildFile; fileRef = ABF489CF22500050000D6378 /* StreakDetail.xib */; };
		ABF489D222501329000D6378 /* StreakDetail.swift in Sources */ = {isa = PBXBuildFile; fileRef = ABF489D122501329000D6378 /* StreakDetail.swift */; };
		ABF489D422501829000D6378 /* PanicButton.xib in Resources */ = {isa = PBXBuildFile; fileRef = ABF489D322501829000D6378 /* PanicButton.xib */; };
		ABF489D62250194A000D6378 /* PanicButton.swift in Sources */ = {isa = PBXBuildFile; fileRef = ABF489D52250194A000D6378 /* PanicButton.swift */; };
/* End PBXBuildFile section */

/* Begin PBXFileReference section */
		24DE54A3412A0091D13106DF /* Pods-Pilyumi.release.xcconfig */ = {isa = PBXFileReference; includeInIndex = 1; lastKnownFileType = text.xcconfig; name = "Pods-Pilyumi.release.xcconfig"; path = "Target Support Files/Pods-Pilyumi/Pods-Pilyumi.release.xcconfig"; sourceTree = "<group>"; };
		5171847D224FE75F00468D5D /* Nunito-Bold.ttf */ = {isa = PBXFileReference; lastKnownFileType = file; path = "Nunito-Bold.ttf"; sourceTree = "<group>"; };
		5171847E224FE75F00468D5D /* Nunito-Regular.ttf */ = {isa = PBXFileReference; lastKnownFileType = file; path = "Nunito-Regular.ttf"; sourceTree = "<group>"; };
		51718481224FEA2200468D5D /* Nunito-ExtraBold.ttf */ = {isa = PBXFileReference; lastKnownFileType = file; path = "Nunito-ExtraBold.ttf"; sourceTree = "<group>"; };
		51718483224FF47000468D5D /* PanicModeViewController.swift */ = {isa = PBXFileReference; lastKnownFileType = sourcecode.swift; path = PanicModeViewController.swift; sourceTree = "<group>"; };
		51718486224FFC4100468D5D /* MyMessageTableViewCell.swift */ = {isa = PBXFileReference; lastKnownFileType = sourcecode.swift; path = MyMessageTableViewCell.swift; sourceTree = "<group>"; };
		51718488224FFC5B00468D5D /* MyMessageTableViewCell.xib */ = {isa = PBXFileReference; lastKnownFileType = file.xib; path = MyMessageTableViewCell.xib; sourceTree = "<group>"; };
		5171848A22500E9800468D5D /* ChatbotMessageTableViewCell.swift */ = {isa = PBXFileReference; fileEncoding = 4; lastKnownFileType = sourcecode.swift; path = ChatbotMessageTableViewCell.swift; sourceTree = "<group>"; };
		5171848B22500E9800468D5D /* ChatbotMessageTableViewCell.xib */ = {isa = PBXFileReference; fileEncoding = 4; lastKnownFileType = file.xib; path = ChatbotMessageTableViewCell.xib; sourceTree = "<group>"; };
		5171848F225010C200468D5D /* Message.swift */ = {isa = PBXFileReference; lastKnownFileType = sourcecode.swift; path = Message.swift; sourceTree = "<group>"; };
		51718491225010EF00468D5D /* MessageSender.swift */ = {isa = PBXFileReference; lastKnownFileType = sourcecode.swift; path = MessageSender.swift; sourceTree = "<group>"; };
		517184942250242500468D5D /* UIStackView+Remove.swift */ = {isa = PBXFileReference; lastKnownFileType = sourcecode.swift; path = "UIStackView+Remove.swift"; sourceTree = "<group>"; };
		5A17CD2E27241CF94471835D /* Pods_Pilyumi.framework */ = {isa = PBXFileReference; explicitFileType = wrapper.framework; includeInIndex = 0; path = Pods_Pilyumi.framework; sourceTree = BUILT_PRODUCTS_DIR; };
		ABE07104224E9DA800129199 /* Pilyumi.app */ = {isa = PBXFileReference; explicitFileType = wrapper.application; includeInIndex = 0; path = Pilyumi.app; sourceTree = BUILT_PRODUCTS_DIR; };
		ABE07107224E9DA800129199 /* AppDelegate.swift */ = {isa = PBXFileReference; lastKnownFileType = sourcecode.swift; path = AppDelegate.swift; sourceTree = "<group>"; };
		ABE07109224E9DA800129199 /* ViewController.swift */ = {isa = PBXFileReference; lastKnownFileType = sourcecode.swift; path = ViewController.swift; sourceTree = "<group>"; };
		ABE0710C224E9DA800129199 /* Base */ = {isa = PBXFileReference; lastKnownFileType = file.storyboard; name = Base; path = Base.lproj/Main.storyboard; sourceTree = "<group>"; };
		ABE0710E224E9DAA00129199 /* Assets.xcassets */ = {isa = PBXFileReference; lastKnownFileType = folder.assetcatalog; path = Assets.xcassets; sourceTree = "<group>"; };
		ABE07111224E9DAA00129199 /* Base */ = {isa = PBXFileReference; lastKnownFileType = file.storyboard; name = Base; path = Base.lproj/LaunchScreen.storyboard; sourceTree = "<group>"; };
		ABE07113224E9DAA00129199 /* Info.plist */ = {isa = PBXFileReference; lastKnownFileType = text.plist.xml; path = Info.plist; sourceTree = "<group>"; };
		ABF4899F224F6F8C000D6378 /* hacktion.entitlements */ = {isa = PBXFileReference; lastKnownFileType = text.plist.entitlements; path = hacktion.entitlements; sourceTree = "<group>"; };
		ABF489A0224F7040000D6378 /* GoogleService-Info.plist */ = {isa = PBXFileReference; fileEncoding = 4; lastKnownFileType = text.plist.xml; path = "GoogleService-Info.plist"; sourceTree = "<group>"; };
		ABF489A3224FAC59000D6378 /* CheckinView.xib */ = {isa = PBXFileReference; lastKnownFileType = file.xib; path = CheckinView.xib; sourceTree = "<group>"; };
		ABF489A5224FAF66000D6378 /* CheckinView.swift */ = {isa = PBXFileReference; lastKnownFileType = sourcecode.swift; path = CheckinView.swift; sourceTree = "<group>"; };
		ABF489A7224FB9BA000D6378 /* MoodMeter.swift */ = {isa = PBXFileReference; lastKnownFileType = sourcecode.swift; path = MoodMeter.swift; sourceTree = "<group>"; };
		ABF489A9224FB9D9000D6378 /* MoodMeter.xib */ = {isa = PBXFileReference; lastKnownFileType = file.xib; path = MoodMeter.xib; sourceTree = "<group>"; };
		ABF489AB224FBF64000D6378 /* Streak.xib */ = {isa = PBXFileReference; lastKnownFileType = file.xib; path = Streak.xib; sourceTree = "<group>"; };
		ABF489AD224FC0BF000D6378 /* Streak.swift */ = {isa = PBXFileReference; lastKnownFileType = sourcecode.swift; path = Streak.swift; sourceTree = "<group>"; };
		ABF489AF224FC21F000D6378 /* Funfacts.xib */ = {isa = PBXFileReference; lastKnownFileType = file.xib; path = Funfacts.xib; sourceTree = "<group>"; };
		ABF489B1224FC300000D6378 /* Funfacts.swift */ = {isa = PBXFileReference; lastKnownFileType = sourcecode.swift; path = Funfacts.swift; sourceTree = "<group>"; };
		ABF489B4224FCED5000D6378 /* Nunito-SemiBold.ttf */ = {isa = PBXFileReference; lastKnownFileType = file; path = "Nunito-SemiBold.ttf"; sourceTree = "<group>"; };
		ABF489B6224FDED8000D6378 /* Extension.swift */ = {isa = PBXFileReference; lastKnownFileType = sourcecode.swift; path = Extension.swift; sourceTree = "<group>"; };
		ABF489B8224FE613000D6378 /* Constants.swift */ = {isa = PBXFileReference; lastKnownFileType = sourcecode.swift; path = Constants.swift; sourceTree = "<group>"; };
		ABF489BA224FE75C000D6378 /* CardDetailViewController.swift */ = {isa = PBXFileReference; lastKnownFileType = sourcecode.swift; path = CardDetailViewController.swift; sourceTree = "<group>"; };
		ABF489BC224FE87F000D6378 /* StatusBarAnimatableViewController.swift */ = {isa = PBXFileReference; fileEncoding = 4; lastKnownFileType = sourcecode.swift; path = StatusBarAnimatableViewController.swift; sourceTree = "<group>"; };
		ABF489BE224FE8FF000D6378 /* CardContentView.swift */ = {isa = PBXFileReference; lastKnownFileType = sourcecode.swift; path = CardContentView.swift; sourceTree = "<group>"; };
		ABF489C0224FE924000D6378 /* NibLoadable.swift */ = {isa = PBXFileReference; lastKnownFileType = sourcecode.swift; path = NibLoadable.swift; sourceTree = "<group>"; };
		ABF489C2224FEC57000D6378 /* CardTransition.swift */ = {isa = PBXFileReference; lastKnownFileType = sourcecode.swift; path = CardTransition.swift; sourceTree = "<group>"; };
		ABF489C4224FED49000D6378 /* PresentCardAnimator.swift */ = {isa = PBXFileReference; lastKnownFileType = sourcecode.swift; path = PresentCardAnimator.swift; sourceTree = "<group>"; };
		ABF489C6224FEE60000D6378 /* DismissCardAnimator.swift */ = {isa = PBXFileReference; lastKnownFileType = sourcecode.swift; path = DismissCardAnimator.swift; sourceTree = "<group>"; };
		ABF489C8224FEEB8000D6378 /* CardPresentationController.swift */ = {isa = PBXFileReference; lastKnownFileType = sourcecode.swift; path = CardPresentationController.swift; sourceTree = "<group>"; };
		ABF489CA224FF26A000D6378 /* CardContentView.xib */ = {isa = PBXFileReference; lastKnownFileType = file.xib; path = CardContentView.xib; sourceTree = "<group>"; };
		ABF489CC224FF438000D6378 /* BaseView.swift */ = {isa = PBXFileReference; lastKnownFileType = sourcecode.swift; path = BaseView.swift; sourceTree = "<group>"; };
		ABF489CF22500050000D6378 /* StreakDetail.xib */ = {isa = PBXFileReference; lastKnownFileType = file.xib; path = StreakDetail.xib; sourceTree = "<group>"; };
		ABF489D122501329000D6378 /* StreakDetail.swift */ = {isa = PBXFileReference; lastKnownFileType = sourcecode.swift; path = StreakDetail.swift; sourceTree = "<group>"; };
		ABF489D322501829000D6378 /* PanicButton.xib */ = {isa = PBXFileReference; lastKnownFileType = file.xib; path = PanicButton.xib; sourceTree = "<group>"; };
		ABF489D52250194A000D6378 /* PanicButton.swift */ = {isa = PBXFileReference; lastKnownFileType = sourcecode.swift; path = PanicButton.swift; sourceTree = "<group>"; };
		D2B2FE87AEEBACDFCDE5667A /* Pods-Pilyumi.debug.xcconfig */ = {isa = PBXFileReference; includeInIndex = 1; lastKnownFileType = text.xcconfig; name = "Pods-Pilyumi.debug.xcconfig"; path = "Pods/Target Support Files/Pods-Pilyumi/Pods-Pilyumi.debug.xcconfig"; sourceTree = "<group>"; };
		E978002B3D516925EDC51D60 /* Pods-Pilyumi.debug.xcconfig */ = {isa = PBXFileReference; includeInIndex = 1; lastKnownFileType = text.xcconfig; name = "Pods-Pilyumi.debug.xcconfig"; path = "Target Support Files/Pods-Pilyumi/Pods-Pilyumi.debug.xcconfig"; sourceTree = "<group>"; };
		EF1466F722818E9EB4CFFE50 /* Pods-Pilyumi.release.xcconfig */ = {isa = PBXFileReference; includeInIndex = 1; lastKnownFileType = text.xcconfig; name = "Pods-Pilyumi.release.xcconfig"; path = "Pods/Target Support Files/Pods-Pilyumi/Pods-Pilyumi.release.xcconfig"; sourceTree = "<group>"; };
/* End PBXFileReference section */

/* Begin PBXFrameworksBuildPhase section */
		ABE07101224E9DA800129199 /* Frameworks */ = {
			isa = PBXFrameworksBuildPhase;
			buildActionMask = 2147483647;
			files = (
				A6CA4712BF09D3745FD3CA1E /* Pods_Pilyumi.framework in Frameworks */,
			);
			runOnlyForDeploymentPostprocessing = 0;
		};
/* End PBXFrameworksBuildPhase section */

/* Begin PBXGroup section */
		316D69F2EEC5D70B06E789BC /* Pods */ = {
			isa = PBXGroup;
			children = (
				E978002B3D516925EDC51D60 /* Pods-Pilyumi.debug.xcconfig */,
				24DE54A3412A0091D13106DF /* Pods-Pilyumi.release.xcconfig */,
				D2B2FE87AEEBACDFCDE5667A /* Pods-Pilyumi.debug.xcconfig */,
				EF1466F722818E9EB4CFFE50 /* Pods-Pilyumi.release.xcconfig */,
			);
			path = Pods;
			sourceTree = "<group>";
		};
		5171847C224FE6FB00468D5D /* fonts */ = {
			isa = PBXGroup;
			children = (
				51718481224FEA2200468D5D /* Nunito-ExtraBold.ttf */,
				5171847D224FE75F00468D5D /* Nunito-Bold.ttf */,
				5171847E224FE75F00468D5D /* Nunito-Regular.ttf */,
				ABF489B4224FCED5000D6378 /* Nunito-SemiBold.ttf */,
			);
			path = fonts;
			sourceTree = "<group>";
		};
		51718485224FFC1000468D5D /* cells */ = {
			isa = PBXGroup;
			children = (
				51718488224FFC5B00468D5D /* MyMessageTableViewCell.xib */,
				51718486224FFC4100468D5D /* MyMessageTableViewCell.swift */,
				5171848B22500E9800468D5D /* ChatbotMessageTableViewCell.xib */,
				5171848A22500E9800468D5D /* ChatbotMessageTableViewCell.swift */,
			);
			path = cells;
			sourceTree = "<group>";
		};
		5171848E225010AF00468D5D /* models */ = {
			isa = PBXGroup;
			children = (
				5171848F225010C200468D5D /* Message.swift */,
				51718491225010EF00468D5D /* MessageSender.swift */,
			);
			path = models;
			sourceTree = "<group>";
		};
		51718493225023DD00468D5D /* utils */ = {
			isa = PBXGroup;
			children = (
				517184942250242500468D5D /* UIStackView+Remove.swift */,
			);
			path = utils;
			sourceTree = "<group>";
		};
		ABE070FB224E9DA800129199 = {
			isa = PBXGroup;
			children = (
				ABE07106224E9DA800129199 /* hacktion */,
				ABE07105224E9DA800129199 /* Products */,
				316D69F2EEC5D70B06E789BC /* Pods */,
				DC8C30B92B09125AEA0F91D0 /* Frameworks */,
			);
			sourceTree = "<group>";
		};
		ABE07105224E9DA800129199 /* Products */ = {
			isa = PBXGroup;
			children = (
				ABE07104224E9DA800129199 /* Pilyumi.app */,
			);
			name = Products;
			sourceTree = "<group>";
		};
		ABE07106224E9DA800129199 /* hacktion */ = {
			isa = PBXGroup;
			children = (
				51718493225023DD00468D5D /* utils */,
				5171848E225010AF00468D5D /* models */,
				5171847C224FE6FB00468D5D /* fonts */,
				ABF489CE224FF4AB000D6378 /* animationViews */,
				ABF489A2224FAC1F000D6378 /* views */,
				ABF4899F224F6F8C000D6378 /* hacktion.entitlements */,
				ABE07107224E9DA800129199 /* AppDelegate.swift */,
				ABE07109224E9DA800129199 /* ViewController.swift */,
				51718483224FF47000468D5D /* PanicModeViewController.swift */,
				ABF489BA224FE75C000D6378 /* CardDetailViewController.swift */,
				ABF489BC224FE87F000D6378 /* StatusBarAnimatableViewController.swift */,
				ABE0710B224E9DA800129199 /* Main.storyboard */,
				ABE0710E224E9DAA00129199 /* Assets.xcassets */,
				ABE07110224E9DAA00129199 /* LaunchScreen.storyboard */,
				ABE07113224E9DAA00129199 /* Info.plist */,
				ABF489A0224F7040000D6378 /* GoogleService-Info.plist */,
				ABF489B8224FE613000D6378 /* Constants.swift */,
				ABF489C4224FED49000D6378 /* PresentCardAnimator.swift */,
				ABF489C6224FEE60000D6378 /* DismissCardAnimator.swift */,
				ABF489C8224FEEB8000D6378 /* CardPresentationController.swift */,
			);
			path = hacktion;
			sourceTree = "<group>";
		};
		ABF489A2224FAC1F000D6378 /* views */ = {
			isa = PBXGroup;
			children = (
				51718485224FFC1000468D5D /* cells */,
				ABF489CC224FF438000D6378 /* BaseView.swift */,
				ABF489A5224FAF66000D6378 /* CheckinView.swift */,
				ABF489A7224FB9BA000D6378 /* MoodMeter.swift */,
				ABF489AD224FC0BF000D6378 /* Streak.swift */,
				ABF489B1224FC300000D6378 /* Funfacts.swift */,
				ABF489D122501329000D6378 /* StreakDetail.swift */,
				ABF489D52250194A000D6378 /* PanicButton.swift */,
				ABF489A3224FAC59000D6378 /* CheckinView.xib */,
				ABF489A9224FB9D9000D6378 /* MoodMeter.xib */,
				ABF489AF224FC21F000D6378 /* Funfacts.xib */,
				ABF489AB224FBF64000D6378 /* Streak.xib */,
				ABF489CF22500050000D6378 /* StreakDetail.xib */,
				ABF489D322501829000D6378 /* PanicButton.xib */,
				ABF489B6224FDED8000D6378 /* Extension.swift */,
			);
			path = views;
			sourceTree = "<group>";
		};
		ABF489CE224FF4AB000D6378 /* animationViews */ = {
			isa = PBXGroup;
			children = (
				ABF489BE224FE8FF000D6378 /* CardContentView.swift */,
				ABF489C0224FE924000D6378 /* NibLoadable.swift */,
				ABF489C2224FEC57000D6378 /* CardTransition.swift */,
				ABF489CA224FF26A000D6378 /* CardContentView.xib */,
			);
			path = animationViews;
			sourceTree = "<group>";
		};
		DC8C30B92B09125AEA0F91D0 /* Frameworks */ = {
			isa = PBXGroup;
			children = (
				5A17CD2E27241CF94471835D /* Pods_Pilyumi.framework */,
			);
			name = Frameworks;
			sourceTree = "<group>";
		};
/* End PBXGroup section */

/* Begin PBXNativeTarget section */
		ABE07103224E9DA800129199 /* Pilyumi */ = {
			isa = PBXNativeTarget;
			buildConfigurationList = ABE07116224E9DAA00129199 /* Build configuration list for PBXNativeTarget "Pilyumi" */;
			buildPhases = (
				79D17F3AA144CE129716D496 /* [CP] Check Pods Manifest.lock */,
				ABE07100224E9DA800129199 /* Sources */,
				ABE07101224E9DA800129199 /* Frameworks */,
				ABE07102224E9DA800129199 /* Resources */,
				B56C87AA4DC891E6EBCECD79 /* [CP] Embed Pods Frameworks */,
			);
			buildRules = (
			);
			dependencies = (
			);
			name = Pilyumi;
			productName = hacktion;
			productReference = ABE07104224E9DA800129199 /* Pilyumi.app */;
			productType = "com.apple.product-type.application";
		};
/* End PBXNativeTarget section */

/* Begin PBXProject section */
		ABE070FC224E9DA800129199 /* Project object */ = {
			isa = PBXProject;
			attributes = {
				LastSwiftUpdateCheck = 1010;
				LastUpgradeCheck = 1010;
				ORGANIZATIONNAME = "OCTO Technology";
				TargetAttributes = {
					ABE07103224E9DA800129199 = {
						CreatedOnToolsVersion = 10.1;
						SystemCapabilities = {
							com.apple.Push = {
								enabled = 1;
							};
						};
					};
				};
			};
			buildConfigurationList = ABE070FF224E9DA800129199 /* Build configuration list for PBXProject "Pilyumi" */;
			compatibilityVersion = "Xcode 9.3";
			developmentRegion = en;
			hasScannedForEncodings = 0;
			knownRegions = (
				en,
				Base,
			);
			mainGroup = ABE070FB224E9DA800129199;
			productRefGroup = ABE07105224E9DA800129199 /* Products */;
			projectDirPath = "";
			projectRoot = "";
			targets = (
				ABE07103224E9DA800129199 /* Pilyumi */,
			);
		};
/* End PBXProject section */

/* Begin PBXResourcesBuildPhase section */
		ABE07102224E9DA800129199 /* Resources */ = {
			isa = PBXResourcesBuildPhase;
			buildActionMask = 2147483647;
			files = (
				5171847F224FE96B00468D5D /* Nunito-Regular.ttf in Resources */,
				ABE07112224E9DAA00129199 /* LaunchScreen.storyboard in Resources */,
				5171848D22500E9800468D5D /* ChatbotMessageTableViewCell.xib in Resources */,
				ABF489D022500050000D6378 /* StreakDetail.xib in Resources */,
				ABE0710F224E9DAA00129199 /* Assets.xcassets in Resources */,
				51718482224FEA2400468D5D /* Nunito-ExtraBold.ttf in Resources */,
				ABE0710D224E9DA800129199 /* Main.storyboard in Resources */,
				ABF489B5224FCED5000D6378 /* Nunito-SemiBold.ttf in Resources */,
				ABF489A1224F7040000D6378 /* GoogleService-Info.plist in Resources */,
				51718489224FFC5C00468D5D /* MyMessageTableViewCell.xib in Resources */,
				51718480224FE96D00468D5D /* Nunito-Bold.ttf in Resources */,
				ABF489AA224FB9D9000D6378 /* MoodMeter.xib in Resources */,
				ABF489CB224FF26A000D6378 /* CardContentView.xib in Resources */,
				ABF489AC224FBF64000D6378 /* Streak.xib in Resources */,
				ABF489A4224FAC59000D6378 /* CheckinView.xib in Resources */,
				ABF489B0224FC21F000D6378 /* Funfacts.xib in Resources */,
				ABF489D422501829000D6378 /* PanicButton.xib in Resources */,
			);
			runOnlyForDeploymentPostprocessing = 0;
		};
/* End PBXResourcesBuildPhase section */

/* Begin PBXShellScriptBuildPhase section */
		79D17F3AA144CE129716D496 /* [CP] Check Pods Manifest.lock */ = {
			isa = PBXShellScriptBuildPhase;
			buildActionMask = 2147483647;
			files = (
			);
			inputFileListPaths = (
			);
			inputPaths = (
				"${PODS_PODFILE_DIR_PATH}/Podfile.lock",
				"${PODS_ROOT}/Manifest.lock",
			);
			name = "[CP] Check Pods Manifest.lock";
			outputFileListPaths = (
			);
			outputPaths = (
				"$(DERIVED_FILE_DIR)/Pods-Pilyumi-checkManifestLockResult.txt",
			);
			runOnlyForDeploymentPostprocessing = 0;
			shellPath = /bin/sh;
			shellScript = "diff \"${PODS_PODFILE_DIR_PATH}/Podfile.lock\" \"${PODS_ROOT}/Manifest.lock\" > /dev/null\nif [ $? != 0 ] ; then\n    # print error to STDERR\n    echo \"error: The sandbox is not in sync with the Podfile.lock. Run 'pod install' or update your CocoaPods installation.\" >&2\n    exit 1\nfi\n# This output is used by Xcode 'outputs' to avoid re-running this script phase.\necho \"SUCCESS\" > \"${SCRIPT_OUTPUT_FILE_0}\"\n";
			showEnvVarsInLog = 0;
		};
		B56C87AA4DC891E6EBCECD79 /* [CP] Embed Pods Frameworks */ = {
			isa = PBXShellScriptBuildPhase;
			buildActionMask = 2147483647;
			files = (
			);
			inputFileListPaths = (
			);
			inputPaths = (
				"${PODS_ROOT}/Target Support Files/Pods-Pilyumi/Pods-Pilyumi-frameworks.sh",
				"${BUILT_PRODUCTS_DIR}/FSCalendar/FSCalendar.framework",
				"${BUILT_PRODUCTS_DIR}/GoogleToolboxForMac/GoogleToolboxForMac.framework",
				"${BUILT_PRODUCTS_DIR}/Protobuf/Protobuf.framework",
				"${BUILT_PRODUCTS_DIR}/iCarousel/iCarousel.framework",
				"${BUILT_PRODUCTS_DIR}/nanopb/nanopb.framework",
			);
			name = "[CP] Embed Pods Frameworks";
			outputFileListPaths = (
			);
			outputPaths = (
				"${TARGET_BUILD_DIR}/${FRAMEWORKS_FOLDER_PATH}/FSCalendar.framework",
				"${TARGET_BUILD_DIR}/${FRAMEWORKS_FOLDER_PATH}/GoogleToolboxForMac.framework",
				"${TARGET_BUILD_DIR}/${FRAMEWORKS_FOLDER_PATH}/Protobuf.framework",
				"${TARGET_BUILD_DIR}/${FRAMEWORKS_FOLDER_PATH}/iCarousel.framework",
				"${TARGET_BUILD_DIR}/${FRAMEWORKS_FOLDER_PATH}/nanopb.framework",
			);
			runOnlyForDeploymentPostprocessing = 0;
			shellPath = /bin/sh;
			shellScript = "\"${PODS_ROOT}/Target Support Files/Pods-Pilyumi/Pods-Pilyumi-frameworks.sh\"\n";
			showEnvVarsInLog = 0;
		};
/* End PBXShellScriptBuildPhase section */

/* Begin PBXSourcesBuildPhase section */
		ABE07100224E9DA800129199 /* Sources */ = {
			isa = PBXSourcesBuildPhase;
			buildActionMask = 2147483647;
			files = (
				ABF489BD224FE880000D6378 /* StatusBarAnimatableViewController.swift in Sources */,
				ABE0710A224E9DA800129199 /* ViewController.swift in Sources */,
				ABF489A8224FB9BA000D6378 /* MoodMeter.swift in Sources */,
				ABF489CD224FF438000D6378 /* BaseView.swift in Sources */,
				ABF489B7224FDED8000D6378 /* Extension.swift in Sources */,
				ABF489C7224FEE60000D6378 /* DismissCardAnimator.swift in Sources */,
				ABF489C5224FED49000D6378 /* PresentCardAnimator.swift in Sources */,
				ABE07108224E9DA800129199 /* AppDelegate.swift in Sources */,
				51718492225010EF00468D5D /* MessageSender.swift in Sources */,
				5171848C22500E9800468D5D /* ChatbotMessageTableViewCell.swift in Sources */,
				51718484224FF47000468D5D /* PanicModeViewController.swift in Sources */,
				ABF489BB224FE75C000D6378 /* CardDetailViewController.swift in Sources */,
				ABF489A6224FAF66000D6378 /* CheckinView.swift in Sources */,
				517184952250242500468D5D /* UIStackView+Remove.swift in Sources */,
				51718487224FFC4100468D5D /* MyMessageTableViewCell.swift in Sources */,
				51718490225010C200468D5D /* Message.swift in Sources */,
				ABF489AE224FC0BF000D6378 /* Streak.swift in Sources */,
				ABF489D62250194A000D6378 /* PanicButton.swift in Sources */,
				ABF489C9224FEEB8000D6378 /* CardPresentationController.swift in Sources */,
				ABF489D222501329000D6378 /* StreakDetail.swift in Sources */,
				ABF489C3224FEC57000D6378 /* CardTransition.swift in Sources */,
				ABF489B2224FC300000D6378 /* Funfacts.swift in Sources */,
				ABF489C1224FE924000D6378 /* NibLoadable.swift in Sources */,
				ABF489BF224FE8FF000D6378 /* CardContentView.swift in Sources */,
				ABF489B9224FE613000D6378 /* Constants.swift in Sources */,
			);
			runOnlyForDeploymentPostprocessing = 0;
		};
/* End PBXSourcesBuildPhase section */

/* Begin PBXVariantGroup section */
		ABE0710B224E9DA800129199 /* Main.storyboard */ = {
			isa = PBXVariantGroup;
			children = (
				ABE0710C224E9DA800129199 /* Base */,
			);
			name = Main.storyboard;
			sourceTree = "<group>";
		};
		ABE07110224E9DAA00129199 /* LaunchScreen.storyboard */ = {
			isa = PBXVariantGroup;
			children = (
				ABE07111224E9DAA00129199 /* Base */,
			);
			name = LaunchScreen.storyboard;
			sourceTree = "<group>";
		};
/* End PBXVariantGroup section */

/* Begin XCBuildConfiguration section */
		ABE07114224E9DAA00129199 /* Debug */ = {
			isa = XCBuildConfiguration;
			buildSettings = {
				ALWAYS_SEARCH_USER_PATHS = NO;
				CLANG_ANALYZER_NONNULL = YES;
				CLANG_ANALYZER_NUMBER_OBJECT_CONVERSION = YES_AGGRESSIVE;
				CLANG_CXX_LANGUAGE_STANDARD = "gnu++14";
				CLANG_CXX_LIBRARY = "libc++";
				CLANG_ENABLE_MODULES = YES;
				CLANG_ENABLE_OBJC_ARC = YES;
				CLANG_ENABLE_OBJC_WEAK = YES;
				CLANG_WARN_BLOCK_CAPTURE_AUTORELEASING = YES;
				CLANG_WARN_BOOL_CONVERSION = YES;
				CLANG_WARN_COMMA = YES;
				CLANG_WARN_CONSTANT_CONVERSION = YES;
				CLANG_WARN_DEPRECATED_OBJC_IMPLEMENTATIONS = YES;
				CLANG_WARN_DIRECT_OBJC_ISA_USAGE = YES_ERROR;
				CLANG_WARN_DOCUMENTATION_COMMENTS = YES;
				CLANG_WARN_EMPTY_BODY = YES;
				CLANG_WARN_ENUM_CONVERSION = YES;
				CLANG_WARN_INFINITE_RECURSION = YES;
				CLANG_WARN_INT_CONVERSION = YES;
				CLANG_WARN_NON_LITERAL_NULL_CONVERSION = YES;
				CLANG_WARN_OBJC_IMPLICIT_RETAIN_SELF = YES;
				CLANG_WARN_OBJC_LITERAL_CONVERSION = YES;
				CLANG_WARN_OBJC_ROOT_CLASS = YES_ERROR;
				CLANG_WARN_RANGE_LOOP_ANALYSIS = YES;
				CLANG_WARN_STRICT_PROTOTYPES = YES;
				CLANG_WARN_SUSPICIOUS_MOVE = YES;
				CLANG_WARN_UNGUARDED_AVAILABILITY = YES_AGGRESSIVE;
				CLANG_WARN_UNREACHABLE_CODE = YES;
				CLANG_WARN__DUPLICATE_METHOD_MATCH = YES;
				CODE_SIGN_IDENTITY = "iPhone Developer";
				COPY_PHASE_STRIP = NO;
				DEBUG_INFORMATION_FORMAT = dwarf;
				ENABLE_STRICT_OBJC_MSGSEND = YES;
				ENABLE_TESTABILITY = YES;
				GCC_C_LANGUAGE_STANDARD = gnu11;
				GCC_DYNAMIC_NO_PIC = NO;
				GCC_NO_COMMON_BLOCKS = YES;
				GCC_OPTIMIZATION_LEVEL = 0;
				GCC_PREPROCESSOR_DEFINITIONS = (
					"DEBUG=1",
					"$(inherited)",
				);
				GCC_WARN_64_TO_32_BIT_CONVERSION = YES;
				GCC_WARN_ABOUT_RETURN_TYPE = YES_ERROR;
				GCC_WARN_UNDECLARED_SELECTOR = YES;
				GCC_WARN_UNINITIALIZED_AUTOS = YES_AGGRESSIVE;
				GCC_WARN_UNUSED_FUNCTION = YES;
				GCC_WARN_UNUSED_VARIABLE = YES;
				IPHONEOS_DEPLOYMENT_TARGET = 12.1;
				MTL_ENABLE_DEBUG_INFO = INCLUDE_SOURCE;
				MTL_FAST_MATH = YES;
				ONLY_ACTIVE_ARCH = YES;
				SDKROOT = iphoneos;
				SWIFT_ACTIVE_COMPILATION_CONDITIONS = DEBUG;
				SWIFT_OPTIMIZATION_LEVEL = "-Onone";
			};
			name = Debug;
		};
		ABE07115224E9DAA00129199 /* Release */ = {
			isa = XCBuildConfiguration;
			buildSettings = {
				ALWAYS_SEARCH_USER_PATHS = NO;
				CLANG_ANALYZER_NONNULL = YES;
				CLANG_ANALYZER_NUMBER_OBJECT_CONVERSION = YES_AGGRESSIVE;
				CLANG_CXX_LANGUAGE_STANDARD = "gnu++14";
				CLANG_CXX_LIBRARY = "libc++";
				CLANG_ENABLE_MODULES = YES;
				CLANG_ENABLE_OBJC_ARC = YES;
				CLANG_ENABLE_OBJC_WEAK = YES;
				CLANG_WARN_BLOCK_CAPTURE_AUTORELEASING = YES;
				CLANG_WARN_BOOL_CONVERSION = YES;
				CLANG_WARN_COMMA = YES;
				CLANG_WARN_CONSTANT_CONVERSION = YES;
				CLANG_WARN_DEPRECATED_OBJC_IMPLEMENTATIONS = YES;
				CLANG_WARN_DIRECT_OBJC_ISA_USAGE = YES_ERROR;
				CLANG_WARN_DOCUMENTATION_COMMENTS = YES;
				CLANG_WARN_EMPTY_BODY = YES;
				CLANG_WARN_ENUM_CONVERSION = YES;
				CLANG_WARN_INFINITE_RECURSION = YES;
				CLANG_WARN_INT_CONVERSION = YES;
				CLANG_WARN_NON_LITERAL_NULL_CONVERSION = YES;
				CLANG_WARN_OBJC_IMPLICIT_RETAIN_SELF = YES;
				CLANG_WARN_OBJC_LITERAL_CONVERSION = YES;
				CLANG_WARN_OBJC_ROOT_CLASS = YES_ERROR;
				CLANG_WARN_RANGE_LOOP_ANALYSIS = YES;
				CLANG_WARN_STRICT_PROTOTYPES = YES;
				CLANG_WARN_SUSPICIOUS_MOVE = YES;
				CLANG_WARN_UNGUARDED_AVAILABILITY = YES_AGGRESSIVE;
				CLANG_WARN_UNREACHABLE_CODE = YES;
				CLANG_WARN__DUPLICATE_METHOD_MATCH = YES;
				CODE_SIGN_IDENTITY = "iPhone Developer";
				COPY_PHASE_STRIP = NO;
				DEBUG_INFORMATION_FORMAT = "dwarf-with-dsym";
				ENABLE_NS_ASSERTIONS = NO;
				ENABLE_STRICT_OBJC_MSGSEND = YES;
				GCC_C_LANGUAGE_STANDARD = gnu11;
				GCC_NO_COMMON_BLOCKS = YES;
				GCC_WARN_64_TO_32_BIT_CONVERSION = YES;
				GCC_WARN_ABOUT_RETURN_TYPE = YES_ERROR;
				GCC_WARN_UNDECLARED_SELECTOR = YES;
				GCC_WARN_UNINITIALIZED_AUTOS = YES_AGGRESSIVE;
				GCC_WARN_UNUSED_FUNCTION = YES;
				GCC_WARN_UNUSED_VARIABLE = YES;
				IPHONEOS_DEPLOYMENT_TARGET = 12.1;
				MTL_ENABLE_DEBUG_INFO = NO;
				MTL_FAST_MATH = YES;
				SDKROOT = iphoneos;
				SWIFT_COMPILATION_MODE = wholemodule;
				SWIFT_OPTIMIZATION_LEVEL = "-O";
				VALIDATE_PRODUCT = YES;
			};
			name = Release;
		};
		ABE07117224E9DAA00129199 /* Debug */ = {
			isa = XCBuildConfiguration;
			baseConfigurationReference = E978002B3D516925EDC51D60 /* Pods-Pilyumi.debug.xcconfig */;
			buildSettings = {
				ASSETCATALOG_COMPILER_APPICON_NAME = AppIcon;
				CODE_SIGN_ENTITLEMENTS = hacktion/hacktion.entitlements;
				CODE_SIGN_STYLE = Automatic;
				DEVELOPMENT_TEAM = 7MA98J2NRQ;
				INFOPLIST_FILE = hacktion/Info.plist;
				LD_RUNPATH_SEARCH_PATHS = (
					"$(inherited)",
					"@executable_path/Frameworks",
				);
				PRODUCT_BUNDLE_IDENTIFIER = com.octo.pilyumi;
				PRODUCT_NAME = "$(TARGET_NAME)";
				SWIFT_VERSION = 4.2;
				TARGETED_DEVICE_FAMILY = "1,2";
			};
			name = Debug;
		};
		ABE07118224E9DAA00129199 /* Release */ = {
			isa = XCBuildConfiguration;
			baseConfigurationReference = 24DE54A3412A0091D13106DF /* Pods-Pilyumi.release.xcconfig */;
			buildSettings = {
				ASSETCATALOG_COMPILER_APPICON_NAME = AppIcon;
				CODE_SIGN_ENTITLEMENTS = hacktion/hacktion.entitlements;
				CODE_SIGN_STYLE = Automatic;
				DEVELOPMENT_TEAM = 7MA98J2NRQ;
				INFOPLIST_FILE = hacktion/Info.plist;
				LD_RUNPATH_SEARCH_PATHS = (
					"$(inherited)",
					"@executable_path/Frameworks",
				);
				PRODUCT_BUNDLE_IDENTIFIER = com.octo.pilyumi;
				PRODUCT_NAME = "$(TARGET_NAME)";
				SWIFT_VERSION = 4.2;
				TARGETED_DEVICE_FAMILY = "1,2";
			};
			name = Release;
		};
/* End XCBuildConfiguration section */

/* Begin XCConfigurationList section */
		ABE070FF224E9DA800129199 /* Build configuration list for PBXProject "Pilyumi" */ = {
			isa = XCConfigurationList;
			buildConfigurations = (
				ABE07114224E9DAA00129199 /* Debug */,
				ABE07115224E9DAA00129199 /* Release */,
			);
			defaultConfigurationIsVisible = 0;
			defaultConfigurationName = Release;
		};
		ABE07116224E9DAA00129199 /* Build configuration list for PBXNativeTarget "Pilyumi" */ = {
			isa = XCConfigurationList;
			buildConfigurations = (
				ABE07117224E9DAA00129199 /* Debug */,
				ABE07118224E9DAA00129199 /* Release */,
			);
			defaultConfigurationIsVisible = 0;
			defaultConfigurationName = Release;
		};
/* End XCConfigurationList section */
	};
	rootObject = ABE070FC224E9DA800129199 /* Project object */;
}
